
Microsoft Visual Studio Solution File, Format Version 12.00
# Visual Studio Version 17
VisualStudioVersion = 17.5.002.0
MinimumVisualStudioVersion = 10.0.40219.1
Project("{2150E333-8FDC-42A3-9474-1A3956D46DE8}") = "prepare", "prepare", "{6E00CDEC-2E3F-44F7-B771-37E49338BC96}"
EndProject
Project("{9A19103F-16F7-4668-BE54-9A1E7A4F7556}") = "Learning02", "prepare\Learning02\Learning02.csproj", "{F2ADF653-040C-4057-BBB2-C62596BD0B2B}"
EndProject
Project("{9A19103F-16F7-4668-BE54-9A1E7A4F7556}") = "Learning05", "prepare\Learning05\Learning05.csproj", "{3B982027-B2C3-4BD4-9633-AA4A3F8FFD02}"
EndProject
Project("{9A19103F-16F7-4668-BE54-9A1E7A4F7556}") = "Learning04", "prepare\Learning04\Learning04.csproj", "{35608ED4-C852-4BFB-BCF0-12088CA66DCF}"
EndProject
Project("{9A19103F-16F7-4668-BE54-9A1E7A4F7556}") = "Learning03", "prepare\Learning03\Learning03.csproj", "{D971BA38-5E05-4209-8A52-F09B549DF97F}"
EndProject
Project("{2150E333-8FDC-42A3-9474-1A3956D46DE8}") = "prove", "prove", "{62E4AF92-166A-44E4-8EA1-07D3D09CB530}"
EndProject
Project("{9A19103F-16F7-4668-BE54-9A1E7A4F7556}") = "Develop03", "prove\Develop03\Develop03.csproj", "{2AE4442F-D693-410E-9C55-E7B4E5586E92}"
EndProject
Project("{9A19103F-16F7-4668-BE54-9A1E7A4F7556}") = "Develop04", "prove\Develop04\Develop04.csproj", "{FC1A8693-5443-4154-813F-E7D2766B968C}"
EndProject
Project("{9A19103F-16F7-4668-BE54-9A1E7A4F7556}") = "Develop05", "prove\Develop05\Develop05.csproj", "{253DBBCE-6367-44A2-A40F-654279FEBA0C}"
EndProject
Project("{9A19103F-16F7-4668-BE54-9A1E7A4F7556}") = "Develop02", "prove\Develop02\Develop02.csproj", "{DA02CE85-2F94-4C40-A114-9DA0E6FAD720}"
EndProject
Project("{2150E333-8FDC-42A3-9474-1A3956D46DE8}") = "sandbox", "sandbox", "{4240DDB8-4377-47F4-962B-FE6B24CDE206}"
EndProject
Project("{9A19103F-16F7-4668-BE54-9A1E7A4F7556}") = "Sandbox", "sandbox\Sandbox\Sandbox.csproj", "{5A861927-B972-405C-B5FC-08D6CD7AFA40}"
EndProject
Project("{2150E333-8FDC-42A3-9474-1A3956D46DE8}") = "final", "final", "{78CB24B5-C9D7-4DC8-89E5-13FA637C9E3A}"
EndProject
Project("{9A19103F-16F7-4668-BE54-9A1E7A4F7556}") = "FinalProject", "final\FinalProject\FinalProject.csproj", "{94A810A0-D3DF-41D8-BDA8-4CB530AFC5C4}"
EndProject
Project("{9A19103F-16F7-4668-BE54-9A1E7A4F7556}") = "Foundation1", "final\Foundation1\Foundation1.csproj", "{6173E831-821F-40E7-92AA-DAD54B1BAFA9}"
EndProject
Project("{9A19103F-16F7-4668-BE54-9A1E7A4F7556}") = "Foundation4", "final\Foundation4\Foundation4.csproj", "{1F57AC88-EA04-4A17-8C25-1236B71D409D}"
EndProject
Project("{9A19103F-16F7-4668-BE54-9A1E7A4F7556}") = "Foundation3", "final\Foundation3\Foundation3.csproj", "{1339BBF8-B295-4520-8F1D-6046FCACC175}"
EndProject
Project("{9A19103F-16F7-4668-BE54-9A1E7A4F7556}") = "Foundation2", "final\Foundation2\Foundation2.csproj", "{0A920D96-C6C5-4349-AD36-5689D3D16BDD}"
EndProject
Project("{2150E333-8FDC-42A3-9474-1A3956D46DE8}") = "csharp-prep", "csharp-prep", "{9841B203-E3DF-4E0C-92C3-6EB4F5B60603}"
EndProject
Project("{9A19103F-16F7-4668-BE54-9A1E7A4F7556}") = "Prep1", "csharp-prep\Prep1\Prep1.csproj", "{67C36A0A-AA1D-4CBA-8A5B-053E26579F15}"
EndProject
Project("{9A19103F-16F7-4668-BE54-9A1E7A4F7556}") = "Prep5", "csharp-prep\Prep5\Prep5.csproj", "{31D41854-D2E9-47A5-868F-3E009AA0FD60}"
EndProject
Project("{9A19103F-16F7-4668-BE54-9A1E7A4F7556}") = "Prep2", "csharp-prep\Prep2\Prep2.csproj", "{CC3DC9EF-B2D2-46FB-85EB-ADC4BC0FB362}"
EndProject
Project("{9A19103F-16F7-4668-BE54-9A1E7A4F7556}") = "Prep3", "csharp-prep\Prep3\Prep3.csproj", "{B1C1B561-0CE0-4BD9-A8D5-85950D3210DB}"
EndProject
Project("{9A19103F-16F7-4668-BE54-9A1E7A4F7556}") = "Prep4", "csharp-prep\Prep4\Prep4.csproj", "{5DC18A15-711A-4957-9A83-6813C81CADAA}"
EndProject
Global
	GlobalSection(SolutionConfigurationPlatforms) = preSolution
		Debug|Any CPU = Debug|Any CPU
		Release|Any CPU = Release|Any CPU
	EndGlobalSection
	GlobalSection(ProjectConfigurationPlatforms) = postSolution
		{F2ADF653-040C-4057-BBB2-C62596BD0B2B}.Debug|Any CPU.ActiveCfg = Debug|Any CPU
		{F2ADF653-040C-4057-BBB2-C62596BD0B2B}.Debug|Any CPU.Build.0 = Debug|Any CPU
		{F2ADF653-040C-4057-BBB2-C62596BD0B2B}.Release|Any CPU.ActiveCfg = Release|Any CPU
		{F2ADF653-040C-4057-BBB2-C62596BD0B2B}.Release|Any CPU.Build.0 = Release|Any CPU
		{3B982027-B2C3-4BD4-9633-AA4A3F8FFD02}.Debug|Any CPU.ActiveCfg = Debug|Any CPU
		{3B982027-B2C3-4BD4-9633-AA4A3F8FFD02}.Debug|Any CPU.Build.0 = Debug|Any CPU
		{3B982027-B2C3-4BD4-9633-AA4A3F8FFD02}.Release|Any CPU.ActiveCfg = Release|Any CPU
		{3B982027-B2C3-4BD4-9633-AA4A3F8FFD02}.Release|Any CPU.Build.0 = Release|Any CPU
		{35608ED4-C852-4BFB-BCF0-12088CA66DCF}.Debug|Any CPU.ActiveCfg = Debug|Any CPU
		{35608ED4-C852-4BFB-BCF0-12088CA66DCF}.Debug|Any CPU.Build.0 = Debug|Any CPU
		{35608ED4-C852-4BFB-BCF0-12088CA66DCF}.Release|Any CPU.ActiveCfg = Release|Any CPU
		{35608ED4-C852-4BFB-BCF0-12088CA66DCF}.Release|Any CPU.Build.0 = Release|Any CPU
		{D971BA38-5E05-4209-8A52-F09B549DF97F}.Debug|Any CPU.ActiveCfg = Debug|Any CPU
		{D971BA38-5E05-4209-8A52-F09B549DF97F}.Debug|Any CPU.Build.0 = Debug|Any CPU
		{D971BA38-5E05-4209-8A52-F09B549DF97F}.Release|Any CPU.ActiveCfg = Release|Any CPU
		{D971BA38-5E05-4209-8A52-F09B549DF97F}.Release|Any CPU.Build.0 = Release|Any CPU
		{2AE4442F-D693-410E-9C55-E7B4E5586E92}.Debug|Any CPU.ActiveCfg = Debug|Any CPU
		{2AE4442F-D693-410E-9C55-E7B4E5586E92}.Debug|Any CPU.Build.0 = Debug|Any CPU
		{2AE4442F-D693-410E-9C55-E7B4E5586E92}.Release|Any CPU.ActiveCfg = Release|Any CPU
		{2AE4442F-D693-410E-9C55-E7B4E5586E92}.Release|Any CPU.Build.0 = Release|Any CPU
		{FC1A8693-5443-4154-813F-E7D2766B968C}.Debug|Any CPU.ActiveCfg = Debug|Any CPU
		{FC1A8693-5443-4154-813F-E7D2766B968C}.Debug|Any CPU.Build.0 = Debug|Any CPU
		{FC1A8693-5443-4154-813F-E7D2766B968C}.Release|Any CPU.ActiveCfg = Release|Any CPU
		{FC1A8693-5443-4154-813F-E7D2766B968C}.Release|Any CPU.Build.0 = Release|Any CPU
		{253DBBCE-6367-44A2-A40F-654279FEBA0C}.Debug|Any CPU.ActiveCfg = Debug|Any CPU
		{253DBBCE-6367-44A2-A40F-654279FEBA0C}.Debug|Any CPU.Build.0 = Debug|Any CPU
		{253DBBCE-6367-44A2-A40F-654279FEBA0C}.Release|Any CPU.ActiveCfg = Release|Any CPU
		{253DBBCE-6367-44A2-A40F-654279FEBA0C}.Release|Any CPU.Build.0 = Release|Any CPU
		{DA02CE85-2F94-4C40-A114-9DA0E6FAD720}.Debug|Any CPU.ActiveCfg = Debug|Any CPU
		{DA02CE85-2F94-4C40-A114-9DA0E6FAD720}.Debug|Any CPU.Build.0 = Debug|Any CPU
		{DA02CE85-2F94-4C40-A114-9DA0E6FAD720}.Release|Any CPU.ActiveCfg = Release|Any CPU
		{DA02CE85-2F94-4C40-A114-9DA0E6FAD720}.Release|Any CPU.Build.0 = Release|Any CPU
		{5A861927-B972-405C-B5FC-08D6CD7AFA40}.Debug|Any CPU.ActiveCfg = Debug|Any CPU
		{5A861927-B972-405C-B5FC-08D6CD7AFA40}.Debug|Any CPU.Build.0 = Debug|Any CPU
		{5A861927-B972-405C-B5FC-08D6CD7AFA40}.Release|Any CPU.ActiveCfg = Release|Any CPU
		{5A861927-B972-405C-B5FC-08D6CD7AFA40}.Release|Any CPU.Build.0 = Release|Any CPU
		{94A810A0-D3DF-41D8-BDA8-4CB530AFC5C4}.Debug|Any CPU.ActiveCfg = Debug|Any CPU
		{94A810A0-D3DF-41D8-BDA8-4CB530AFC5C4}.Debug|Any CPU.Build.0 = Debug|Any CPU
		{94A810A0-D3DF-41D8-BDA8-4CB530AFC5C4}.Release|Any CPU.ActiveCfg = Release|Any CPU
		{94A810A0-D3DF-41D8-BDA8-4CB530AFC5C4}.Release|Any CPU.Build.0 = Release|Any CPU
		{6173E831-821F-40E7-92AA-DAD54B1BAFA9}.Debug|Any CPU.ActiveCfg = Debug|Any CPU
		{6173E831-821F-40E7-92AA-DAD54B1BAFA9}.Debug|Any CPU.Build.0 = Debug|Any CPU
		{6173E831-821F-40E7-92AA-DAD54B1BAFA9}.Release|Any CPU.ActiveCfg = Release|Any CPU
		{6173E831-821F-40E7-92AA-DAD54B1BAFA9}.Release|Any CPU.Build.0 = Release|Any CPU
		{1F57AC88-EA04-4A17-8C25-1236B71D409D}.Debug|Any CPU.ActiveCfg = Debug|Any CPU
		{1F57AC88-EA04-4A17-8C25-1236B71D409D}.Debug|Any CPU.Build.0 = Debug|Any CPU
		{1F57AC88-EA04-4A17-8C25-1236B71D409D}.Release|Any CPU.ActiveCfg = Release|Any CPU
		{1F57AC88-EA04-4A17-8C25-1236B71D409D}.Release|Any CPU.Build.0 = Release|Any CPU
		{1339BBF8-B295-4520-8F1D-6046FCACC175}.Debug|Any CPU.ActiveCfg = Debug|Any CPU
		{1339BBF8-B295-4520-8F1D-6046FCACC175}.Debug|Any CPU.Build.0 = Debug|Any CPU
		{1339BBF8-B295-4520-8F1D-6046FCACC175}.Release|Any CPU.ActiveCfg = Release|Any CPU
		{1339BBF8-B295-4520-8F1D-6046FCACC175}.Release|Any CPU.Build.0 = Release|Any CPU
		{0A920D96-C6C5-4349-AD36-5689D3D16BDD}.Debug|Any CPU.ActiveCfg = Debug|Any CPU
		{0A920D96-C6C5-4349-AD36-5689D3D16BDD}.Debug|Any CPU.Build.0 = Debug|Any CPU
		{0A920D96-C6C5-4349-AD36-5689D3D16BDD}.Release|Any CPU.ActiveCfg = Release|Any CPU
		{0A920D96-C6C5-4349-AD36-5689D3D16BDD}.Release|Any CPU.Build.0 = Release|Any CPU
		{67C36A0A-AA1D-4CBA-8A5B-053E26579F15}.Debug|Any CPU.ActiveCfg = Debug|Any CPU
		{67C36A0A-AA1D-4CBA-8A5B-053E26579F15}.Debug|Any CPU.Build.0 = Debug|Any CPU
		{67C36A0A-AA1D-4CBA-8A5B-053E26579F15}.Release|Any CPU.ActiveCfg = Release|Any CPU
		{67C36A0A-AA1D-4CBA-8A5B-053E26579F15}.Release|Any CPU.Build.0 = Release|Any CPU
		{31D41854-D2E9-47A5-868F-3E009AA0FD60}.Debug|Any CPU.ActiveCfg = Debug|Any CPU
		{31D41854-D2E9-47A5-868F-3E009AA0FD60}.Debug|Any CPU.Build.0 = Debug|Any CPU
		{31D41854-D2E9-47A5-868F-3E009AA0FD60}.Release|Any CPU.ActiveCfg = Release|Any CPU
		{31D41854-D2E9-47A5-868F-3E009AA0FD60}.Release|Any CPU.Build.0 = Release|Any CPU
		{CC3DC9EF-B2D2-46FB-85EB-ADC4BC0FB362}.Debug|Any CPU.ActiveCfg = Debug|Any CPU
		{CC3DC9EF-B2D2-46FB-85EB-ADC4BC0FB362}.Debug|Any CPU.Build.0 = Debug|Any CPU
		{CC3DC9EF-B2D2-46FB-85EB-ADC4BC0FB362}.Release|Any CPU.ActiveCfg = Release|Any CPU
		{CC3DC9EF-B2D2-46FB-85EB-ADC4BC0FB362}.Release|Any CPU.Build.0 = Release|Any CPU
		{B1C1B561-0CE0-4BD9-A8D5-85950D3210DB}.Debug|Any CPU.ActiveCfg = Debug|Any CPU
		{B1C1B561-0CE0-4BD9-A8D5-85950D3210DB}.Debug|Any CPU.Build.0 = Debug|Any CPU
		{B1C1B561-0CE0-4BD9-A8D5-85950D3210DB}.Release|Any CPU.ActiveCfg = Release|Any CPU
		{B1C1B561-0CE0-4BD9-A8D5-85950D3210DB}.Release|Any CPU.Build.0 = Release|Any CPU
		{5DC18A15-711A-4957-9A83-6813C81CADAA}.Debug|Any CPU.ActiveCfg = Debug|Any CPU
		{5DC18A15-711A-4957-9A83-6813C81CADAA}.Debug|Any CPU.Build.0 = Debug|Any CPU
		{5DC18A15-711A-4957-9A83-6813C81CADAA}.Release|Any CPU.ActiveCfg = Release|Any CPU
		{5DC18A15-711A-4957-9A83-6813C81CADAA}.Release|Any CPU.Build.0 = Release|Any CPU
	EndGlobalSection
	GlobalSection(SolutionProperties) = preSolution
		HideSolutionNode = FALSE
	EndGlobalSection
	GlobalSection(NestedProjects) = preSolution
		{F2ADF653-040C-4057-BBB2-C62596BD0B2B} = {6E00CDEC-2E3F-44F7-B771-37E49338BC96}
		{3B982027-B2C3-4BD4-9633-AA4A3F8FFD02} = {6E00CDEC-2E3F-44F7-B771-37E49338BC96}
		{35608ED4-C852-4BFB-BCF0-12088CA66DCF} = {6E00CDEC-2E3F-44F7-B771-37E49338BC96}
		{D971BA38-5E05-4209-8A52-F09B549DF97F} = {6E00CDEC-2E3F-44F7-B771-37E49338BC96}
		{2AE4442F-D693-410E-9C55-E7B4E5586E92} = {62E4AF92-166A-44E4-8EA1-07D3D09CB530}
		{FC1A8693-5443-4154-813F-E7D2766B968C} = {62E4AF92-166A-44E4-8EA1-07D3D09CB530}
		{253DBBCE-6367-44A2-A40F-654279FEBA0C} = {62E4AF92-166A-44E4-8EA1-07D3D09CB530}
		{DA02CE85-2F94-4C40-A114-9DA0E6FAD720} = {62E4AF92-166A-44E4-8EA1-07D3D09CB530}
		{5A861927-B972-405C-B5FC-08D6CD7AFA40} = {4240DDB8-4377-47F4-962B-FE6B24CDE206}
		{94A810A0-D3DF-41D8-BDA8-4CB530AFC5C4} = {78CB24B5-C9D7-4DC8-89E5-13FA637C9E3A}
		{6173E831-821F-40E7-92AA-DAD54B1BAFA9} = {78CB24B5-C9D7-4DC8-89E5-13FA637C9E3A}
		{1F57AC88-EA04-4A17-8C25-1236B71D409D} = {78CB24B5-C9D7-4DC8-89E5-13FA637C9E3A}
		{1339BBF8-B295-4520-8F1D-6046FCACC175} = {78CB24B5-C9D7-4DC8-89E5-13FA637C9E3A}
		{0A920D96-C6C5-4349-AD36-5689D3D16BDD} = {78CB24B5-C9D7-4DC8-89E5-13FA637C9E3A}
		{67C36A0A-AA1D-4CBA-8A5B-053E26579F15} = {9841B203-E3DF-4E0C-92C3-6EB4F5B60603}
		{31D41854-D2E9-47A5-868F-3E009AA0FD60} = {9841B203-E3DF-4E0C-92C3-6EB4F5B60603}
		{CC3DC9EF-B2D2-46FB-85EB-ADC4BC0FB362} = {9841B203-E3DF-4E0C-92C3-6EB4F5B60603}
		{B1C1B561-0CE0-4BD9-A8D5-85950D3210DB} = {9841B203-E3DF-4E0C-92C3-6EB4F5B60603}
		{5DC18A15-711A-4957-9A83-6813C81CADAA} = {9841B203-E3DF-4E0C-92C3-6EB4F5B60603}
	EndGlobalSection
	GlobalSection(ExtensibilityGlobals) = postSolution
		SolutionGuid = {A92199EB-C2AB-44A7-A47B-F3C3D37E004F}
	EndGlobalSection
EndGlobal
